# This file was autogenerated by Stack.
# You should not edit this file by hand.
# For more information, please see the documentation at:
#   https://docs.haskellstack.org/en/stable/lock_files

packages:
- completed:
    hackage: dear-imgui-2.2.0@sha256:dfbd48824ce36de196d7a9c76c58d1ed014b9721794836bd46148f9b80c2a2f4,9170
    pantry-tree:
      sha256: 195686ce66af586962952435904ed1953f4b4b3d735c6461309396fbb1f20c8a
      size: 5432
  original:
    hackage: dear-imgui-2.2.0
snapshots:
- completed:
    sha256: a81fb3877c4f9031e1325eb3935122e608d80715dc16b586eb11ddbff8671ecd
    size: 640086
    url: https://raw.githubusercontent.com/commercialhaskell/stackage-snapshots/master/lts/21/25.yaml
  original: lts-21.25
